
Microsoft Visual Studio Solution File, Format Version 12.00
# Visual Studio Version 16
VisualStudioVersion = 16.0.31005.135
MinimumVisualStudioVersion = 10.0.40219.1
Project("{FAE04EC0-301F-11D3-BF4B-00C04F79EFBC}") = "clases", "clases.csproj", "{611EAFA6-5ADC-4D7A-82F6-D41E27B182A1}"
EndProject
Global
	GlobalSection(SolutionConfigurationPlatforms) = preSolution
		Debug|Any CPU = Debug|Any CPU
		Release|Any CPU = Release|Any CPU
	EndGlobalSection
	GlobalSection(ProjectConfigurationPlatforms) = postSolution
		{611EAFA6-5ADC-4D7A-82F6-D41E27B182A1}.Debug|Any CPU.ActiveCfg = Debug|Any CPU
		{611EAFA6-5ADC-4D7A-82F6-D41E27B182A1}.Debug|Any CPU.Build.0 = Debug|Any CPU
		{611EAFA6-5ADC-4D7A-82F6-D41E27B182A1}.Release|Any CPU.ActiveCfg = Release|Any CPU
		{611EAFA6-5ADC-4D7A-82F6-D41E27B182A1}.Release|Any CPU.Build.0 = Release|Any CPU
	EndGlobalSection
	GlobalSection(SolutionProperties) = preSolution
		HideSolutionNode = FALSE
	EndGlobalSection
	GlobalSection(ExtensibilityGlobals) = postSolution
		SolutionGuid = {DA6A6A6E-3EAA-4675-8C30-21477BC87E28}
	EndGlobalSection
EndGlobal
